
Microsoft Visual Studio Solution File, Format Version 12.00
# Visual Studio Version 17
VisualStudioVersion = 17.2.32630.192
MinimumVisualStudioVersion = 10.0.40219.1
Project("{FAE04EC0-301F-11D3-BF4B-00C04F79EFBC}") = "WalkInPortal", "WalkInPortal\WalkInPortal.csproj", "{C1C7D1D3-124B-435E-9170-90A261107980}"
EndProject
Global
	GlobalSection(SolutionConfigurationPlatforms) = preSolution
		Debug|Any CPU = Debug|Any CPU
		Release|Any CPU = Release|Any CPU
	EndGlobalSection
	GlobalSection(ProjectConfigurationPlatforms) = postSolution
		{C1C7D1D3-124B-435E-9170-90A261107980}.Debug|Any CPU.ActiveCfg = Debug|Any CPU
		{C1C7D1D3-124B-435E-9170-90A261107980}.Debug|Any CPU.Build.0 = Debug|Any CPU
		{C1C7D1D3-124B-435E-9170-90A261107980}.Release|Any CPU.ActiveCfg = Release|Any CPU
		{C1C7D1D3-124B-435E-9170-90A261107980}.Release|Any CPU.Build.0 = Release|Any CPU
	EndGlobalSection
	GlobalSection(SolutionProperties) = preSolution
		HideSolutionNode = FALSE
	EndGlobalSection
	GlobalSection(ExtensibilityGlobals) = postSolution
		SolutionGuid = {3F5462D1-7908-4690-A998-7CC0D186A389}
	EndGlobalSection
EndGlobal
